Microsoft Visual Studio Solution File, Format Version 11.00
# Visual Studio 2008

Project("{76654560-424B-F42F-856A-A2CEF898E8AE}") = "NeuralArena", "Assembly-CSharp.csproj", "{7D3AA07A-1D64-05A4-5040-4849A5F1C65B}"
EndProject
Global
	GlobalSection(SolutionConfigurationPlatforms) = preSolution
		Debug|Any CPU = Debug|Any CPU
		Release|Any CPU = Release|Any CPU
	EndGlobalSection
	GlobalSection(ProjectConfigurationPlatforms) = postSolution
		{7D3AA07A-1D64-05A4-5040-4849A5F1C65B}.Debug|Any CPU.ActiveCfg = Debug|Any CPU
		{7D3AA07A-1D64-05A4-5040-4849A5F1C65B}.Debug|Any CPU.Build.0 = Debug|Any CPU
		{7D3AA07A-1D64-05A4-5040-4849A5F1C65B}.Release|Any CPU.ActiveCfg = Release|Any CPU
		{7D3AA07A-1D64-05A4-5040-4849A5F1C65B}.Release|Any CPU.Build.0 = Release|Any CPU
	EndGlobalSection
	GlobalSection(SolutionProperties) = preSolution
		HideSolutionNode = FALSE
	EndGlobalSection
	GlobalSection(MonoDevelopProperties) = preSolution
		StartupItem = Assembly-CSharp.csproj
	EndGlobalSection
EndGlobal
